Microsoft Visual Studio Solution File, Format Version 12.00
# Visual Studio 2012
Project("{FAE04EC0-301F-11D3-BF4B-00C04F79EFBC}") = "weapon_test", "weapon_test.csproj", "{4C371CF6-995F-46A7-9BA8-191F48BEEFFD}"
EndProject
Global
	GlobalSection(SolutionConfigurationPlatforms) = preSolution
	Debug|Any CPU = Debug|Any CPU
	ExportDebug|Any CPU = ExportDebug|Any CPU
	ExportRelease|Any CPU = ExportRelease|Any CPU
	EndGlobalSection
	GlobalSection(ProjectConfigurationPlatforms) = postSolution
		{4C371CF6-995F-46A7-9BA8-191F48BEEFFD}.Debug|Any CPU.ActiveCfg = Debug|Any CPU
		{4C371CF6-995F-46A7-9BA8-191F48BEEFFD}.Debug|Any CPU.Build.0 = Debug|Any CPU
		{4C371CF6-995F-46A7-9BA8-191F48BEEFFD}.ExportDebug|Any CPU.ActiveCfg = ExportDebug|Any CPU
		{4C371CF6-995F-46A7-9BA8-191F48BEEFFD}.ExportDebug|Any CPU.Build.0 = ExportDebug|Any CPU
		{4C371CF6-995F-46A7-9BA8-191F48BEEFFD}.ExportRelease|Any CPU.ActiveCfg = ExportRelease|Any CPU
		{4C371CF6-995F-46A7-9BA8-191F48BEEFFD}.ExportRelease|Any CPU.Build.0 = ExportRelease|Any CPU
	EndGlobalSection
EndGlobal
